Microsoft Visual Studio Solution File, Format Version 12.00
# Visual Studio 2012
Project("{FAE04EC0-301F-11D3-BF4B-00C04F79EFBC}") = "FilteredLogger", "FilteredLogger.csproj", "{60DABF24-3B4F-44A0-9B11-4E22DCEBD86D}"
EndProject
Global
	GlobalSection(SolutionConfigurationPlatforms) = preSolution
	Debug|Any CPU = Debug|Any CPU
	ExportDebug|Any CPU = ExportDebug|Any CPU
	ExportRelease|Any CPU = ExportRelease|Any CPU
	EndGlobalSection
	GlobalSection(ProjectConfigurationPlatforms) = postSolution
		{60DABF24-3B4F-44A0-9B11-4E22DCEBD86D}.Debug|Any CPU.ActiveCfg = Debug|Any CPU
		{60DABF24-3B4F-44A0-9B11-4E22DCEBD86D}.Debug|Any CPU.Build.0 = Debug|Any CPU
		{60DABF24-3B4F-44A0-9B11-4E22DCEBD86D}.ExportDebug|Any CPU.ActiveCfg = ExportDebug|Any CPU
		{60DABF24-3B4F-44A0-9B11-4E22DCEBD86D}.ExportDebug|Any CPU.Build.0 = ExportDebug|Any CPU
		{60DABF24-3B4F-44A0-9B11-4E22DCEBD86D}.ExportRelease|Any CPU.ActiveCfg = ExportRelease|Any CPU
		{60DABF24-3B4F-44A0-9B11-4E22DCEBD86D}.ExportRelease|Any CPU.Build.0 = ExportRelease|Any CPU
	EndGlobalSection
EndGlobal
